<?xml version="1.0" encoding="utf-8"?>
<Project ToolsVersion="4.0" xmlns="http://schemas.microsoft.com/developer/msbuild/2003">
  <ItemGroup>
    <Filter Include="Resource Files">
      <UniqueIdentifier>{67DA6AB6-F800-4c08-8B7A-83BB121AAD01}</UniqueIdentifier>
      <Extensions>rc;ico;cur;bmp;dlg;rc2;rct;bin;rgs;gif;jpg;jpeg;jpe;resx;tiff;tif;png;wav;mfcribbon-ms</Extensions>
    </Filter>
    <Filter Include="Source">
      <UniqueIdentifier>{23adfa9b-27af-4988-81cd-6a9d1a6eb1f5}</UniqueIdentifier>
    </Filter>
    <Filter Include="Source\Observer">
      <UniqueIdentifier>{1d11bc4c-72a1-4bcd-92ac-ce75d59d9984}</UniqueIdentifier>
    </Filter>
    <Filter Include="Source\Visitor">
      <UniqueIdentifier>{ec7ca872-4315-4e6a-80e8-d1d026ad4663}</UniqueIdentifier>
    </Filter>
    <Filter Include="Source\Template">
      <UniqueIdentifier>{c061d388-a398-4018-9641-8b838429d1ac}</UniqueIdentifier>
    </Filter>
    <Filter Include="Source\Command">
      <UniqueIdentifier>{d2aacfc7-c0b3-4f85-b925-6c0a7d3375ea}</UniqueIdentifier>
    </Filter>
  </ItemGroup>
  <ItemGroup>
    <ClCompile Include="VisitorTarget.cpp">
      <Filter>Source\Visitor</Filter>
    </ClCompile>
    <ClCompile Include="Observer.cpp">
      <Filter>Source\Observer</Filter>
    </ClCompile>
    <ClCompile Include="main.cpp">
      <Filter>Source</Filter>
    </ClCompile>
    <ClCompile Include="Template.cpp">
      <Filter>Source\Template</Filter>
    </ClCompile>
    <ClCompile Include="Command.cpp" />
  </ItemGroup>
  <ItemGroup>
    <ClInclude Include="Visitor.h">
      <Filter>Source\Visitor</Filter>
    </ClInclude>
    <ClInclude Include="VisitorTarget.h">
      <Filter>Source\Visitor</Filter>
    </ClInclude>
    <ClInclude Include="Observer.h">
      <Filter>Source\Observer</Filter>
    </ClInclude>
    <ClInclude Include="TestVisitor.h">
      <Filter>Source\Visitor</Filter>
    </ClInclude>
    <ClInclude Include="Template.h">
      <Filter>Source\Template</Filter>
    </ClInclude>
    <ClInclude Include="Command.h" />
  </ItemGroup>
</Project>